
Microsoft Visual Studio Solution File, Format Version 12.00
# Visual Studio Version 17
VisualStudioVersion = 17.12.35527.113 d17.12
MinimumVisualStudioVersion = 10.0.40219.1
Project("{FAE04EC0-301F-11D3-BF4B-00C04F79EFBC}") = "TheBuildOrder", "TheBuildOrder\TheBuildOrder.csproj", "{BEE3036C-CFF1-43AA-97C5-C03A1013FA75}"
EndProject
Project("{FAE04EC0-301F-11D3-BF4B-00C04F79EFBC}") = "Domain", "Domain\Domain.csproj", "{89FB746C-7D74-419D-977A-154730651C12}"
EndProject
Project("{FAE04EC0-301F-11D3-BF4B-00C04F79EFBC}") = "Infrastructure", "Infrastructure\Infrastructure.csproj", "{C641FB8A-FF02-4B73-968B-0B50E9DF055D}"
EndProject
Project("{FAE04EC0-301F-11D3-BF4B-00C04F79EFBC}") = "Application", "Application\Application.csproj", "{0A51DABE-E996-487B-ABFC-A379CC4B381C}"
EndProject
Project("{FAE04EC0-301F-11D3-BF4B-00C04F79EFBC}") = "Presentation", "Presentation\Presentation.csproj", "{FD0F1901-F7AA-4535-8463-A8E011E87B64}"
EndProject
Global
	GlobalSection(SolutionConfigurationPlatforms) = preSolution
		Debug|Any CPU = Debug|Any CPU
		Release|Any CPU = Release|Any CPU
	EndGlobalSection
	GlobalSection(ProjectConfigurationPlatforms) = postSolution
		{BEE3036C-CFF1-43AA-97C5-C03A1013FA75}.Debug|Any CPU.ActiveCfg = Debug|Any CPU
		{BEE3036C-CFF1-43AA-97C5-C03A1013FA75}.Debug|Any CPU.Build.0 = Debug|Any CPU
		{BEE3036C-CFF1-43AA-97C5-C03A1013FA75}.Release|Any CPU.ActiveCfg = Release|Any CPU
		{BEE3036C-CFF1-43AA-97C5-C03A1013FA75}.Release|Any CPU.Build.0 = Release|Any CPU
		{89FB746C-7D74-419D-977A-154730651C12}.Debug|Any CPU.ActiveCfg = Debug|Any CPU
		{89FB746C-7D74-419D-977A-154730651C12}.Debug|Any CPU.Build.0 = Debug|Any CPU
		{89FB746C-7D74-419D-977A-154730651C12}.Release|Any CPU.ActiveCfg = Release|Any CPU
		{89FB746C-7D74-419D-977A-154730651C12}.Release|Any CPU.Build.0 = Release|Any CPU
		{C641FB8A-FF02-4B73-968B-0B50E9DF055D}.Debug|Any CPU.ActiveCfg = Debug|Any CPU
		{C641FB8A-FF02-4B73-968B-0B50E9DF055D}.Debug|Any CPU.Build.0 = Debug|Any CPU
		{C641FB8A-FF02-4B73-968B-0B50E9DF055D}.Release|Any CPU.ActiveCfg = Release|Any CPU
		{C641FB8A-FF02-4B73-968B-0B50E9DF055D}.Release|Any CPU.Build.0 = Release|Any CPU
		{0A51DABE-E996-487B-ABFC-A379CC4B381C}.Debug|Any CPU.ActiveCfg = Debug|Any CPU
		{0A51DABE-E996-487B-ABFC-A379CC4B381C}.Debug|Any CPU.Build.0 = Debug|Any CPU
		{0A51DABE-E996-487B-ABFC-A379CC4B381C}.Release|Any CPU.ActiveCfg = Release|Any CPU
		{0A51DABE-E996-487B-ABFC-A379CC4B381C}.Release|Any CPU.Build.0 = Release|Any CPU
		{FD0F1901-F7AA-4535-8463-A8E011E87B64}.Debug|Any CPU.ActiveCfg = Debug|Any CPU
		{FD0F1901-F7AA-4535-8463-A8E011E87B64}.Debug|Any CPU.Build.0 = Debug|Any CPU
		{FD0F1901-F7AA-4535-8463-A8E011E87B64}.Release|Any CPU.ActiveCfg = Release|Any CPU
		{FD0F1901-F7AA-4535-8463-A8E011E87B64}.Release|Any CPU.Build.0 = Release|Any CPU
	EndGlobalSection
	GlobalSection(SolutionProperties) = preSolution
		HideSolutionNode = FALSE
	EndGlobalSection
EndGlobal
